// !$*UTF8*$!
{
	archiveVersion = 1;
	classes = {
	};
	objectVersion = 50;
	objects = {

/* Begin PBXBuildFile section */
		CE4C3A652112EFA100190747 /* AppDelegate.swift in Sources */ = {isa = PBXBuildFile; fileRef = CE4C3A642112EFA100190747 /* AppDelegate.swift */; };
		CE4C3A672112EFA100190747 /* MainViewController.swift in Sources */ = {isa = PBXBuildFile; fileRef = CE4C3A662112EFA100190747 /* MainViewController.swift */; };
		CE4C3A6A2112EFA100190747 /* Main.storyboard in Resources */ = {isa = PBXBuildFile; fileRef = CE4C3A682112EFA100190747 /* Main.storyboard */; };
		CE4C3A6C2112EFBA00190747 /* Assets.xcassets in Resources */ = {isa = PBXBuildFile; fileRef = CE4C3A6B2112EFBA00190747 /* Assets.xcassets */; };
		CE4C3A6F2112EFBA00190747 /* LaunchScreen.storyboard in Resources */ = {isa = PBXBuildFile; fileRef = CE4C3A6D2112EFBA00190747 /* LaunchScreen.storyboard */; };
		CE4C3A7E2114375D00190747 /* SlotTableViewCell.swift in Sources */ = {isa = PBXBuildFile; fileRef = CE4C3A7D2114375D00190747 /* SlotTableViewCell.swift */; };
		CE4C3A8121143D7E00190747 /* EmployeeList.swift in Sources */ = {isa = PBXBuildFile; fileRef = CE4C3A8021143D7E00190747 /* EmployeeList.swift */; };
		CE4C3A8421143F9D00190747 /* DataEmployeeProtocol.swift in Sources */ = {isa = PBXBuildFile; fileRef = CE4C3A8321143F9D00190747 /* DataEmployeeProtocol.swift */; };
		CE4C3A872114554F00190747 /* CustomFont.swift in Sources */ = {isa = PBXBuildFile; fileRef = CE4C3A862114554F00190747 /* CustomFont.swift */; };
		CE4C3A8B2114572D00190747 /* EmployeeViewController.swift in Sources */ = {isa = PBXBuildFile; fileRef = CE4C3A8A2114572D00190747 /* EmployeeViewController.swift */; };
		CE4C3A8F2114987600190747 /* TypeError.swift in Sources */ = {isa = PBXBuildFile; fileRef = CE4C3A8E2114987600190747 /* TypeError.swift */; };
		CE4C3A9121149C2B00190747 /* DetailViewController.swift in Sources */ = {isa = PBXBuildFile; fileRef = CE4C3A9021149C2B00190747 /* DetailViewController.swift */; };
/* End PBXBuildFile section */

/* Begin PBXFileReference section */
		CE4C3A612112EFA000190747 /* HR-helper.app */ = {isa = PBXFileReference; explicitFileType = wrapper.application; includeInIndex = 0; path = "HR-helper.app"; sourceTree = BUILT_PRODUCTS_DIR; };
		CE4C3A642112EFA100190747 /* AppDelegate.swift */ = {isa = PBXFileReference; lastKnownFileType = sourcecode.swift; path = AppDelegate.swift; sourceTree = "<group>"; };
		CE4C3A662112EFA100190747 /* MainViewController.swift */ = {isa = PBXFileReference; lastKnownFileType = sourcecode.swift; path = MainViewController.swift; sourceTree = "<group>"; };
		CE4C3A692112EFA100190747 /* Base */ = {isa = PBXFileReference; lastKnownFileType = file.storyboard; name = Base; path = Base.lproj/Main.storyboard; sourceTree = "<group>"; };
		CE4C3A6B2112EFBA00190747 /* Assets.xcassets */ = {isa = PBXFileReference; lastKnownFileType = folder.assetcatalog; path = Assets.xcassets; sourceTree = "<group>"; };
		CE4C3A6E2112EFBA00190747 /* Base */ = {isa = PBXFileReference; lastKnownFileType = file.storyboard; name = Base; path = Base.lproj/LaunchScreen.storyboard; sourceTree = "<group>"; };
		CE4C3A702112EFBB00190747 /* Info.plist */ = {isa = PBXFileReference; lastKnownFileType = text.plist.xml; path = Info.plist; sourceTree = "<group>"; };
		CE4C3A7D2114375D00190747 /* SlotTableViewCell.swift */ = {isa = PBXFileReference; lastKnownFileType = sourcecode.swift; path = SlotTableViewCell.swift; sourceTree = "<group>"; };
		CE4C3A8021143D7E00190747 /* EmployeeList.swift */ = {isa = PBXFileReference; lastKnownFileType = sourcecode.swift; path = EmployeeList.swift; sourceTree = "<group>"; };
		CE4C3A8321143F9D00190747 /* DataEmployeeProtocol.swift */ = {isa = PBXFileReference; lastKnownFileType = sourcecode.swift; path = DataEmployeeProtocol.swift; sourceTree = "<group>"; };
		CE4C3A862114554F00190747 /* CustomFont.swift */ = {isa = PBXFileReference; lastKnownFileType = sourcecode.swift; path = CustomFont.swift; sourceTree = "<group>"; };
		CE4C3A8A2114572D00190747 /* EmployeeViewController.swift */ = {isa = PBXFileReference; lastKnownFileType = sourcecode.swift; path = EmployeeViewController.swift; sourceTree = "<group>"; };
		CE4C3A8E2114987600190747 /* TypeError.swift */ = {isa = PBXFileReference; lastKnownFileType = sourcecode.swift; path = TypeError.swift; sourceTree = "<group>"; };
		CE4C3A9021149C2B00190747 /* DetailViewController.swift */ = {isa = PBXFileReference; lastKnownFileType = sourcecode.swift; path = DetailViewController.swift; sourceTree = "<group>"; };
/* End PBXFileReference section */

/* Begin PBXFrameworksBuildPhase section */
		CE4C3A5E2112EFA000190747 /* Frameworks */ = {
			isa = PBXFrameworksBuildPhase;
			buildActionMask = 2147483647;
			files = (
			);
			runOnlyForDeploymentPostprocessing = 0;
		};
/* End PBXFrameworksBuildPhase section */

/* Begin PBXGroup section */
		CE4C3A582112EFA000190747 = {
			isa = PBXGroup;
			children = (
				CE4C3A632112EFA000190747 /* HR-helper */,
				CE4C3A622112EFA000190747 /* Products */,
			);
			sourceTree = "<group>";
		};
		CE4C3A622112EFA000190747 /* Products */ = {
			isa = PBXGroup;
			children = (
				CE4C3A612112EFA000190747 /* HR-helper.app */,
			);
			name = Products;
			sourceTree = "<group>";
		};
		CE4C3A632112EFA000190747 /* HR-helper */ = {
			isa = PBXGroup;
			children = (
				CE4C3A85211454AF00190747 /* Enums */,
				CE4C3A8221143DD200190747 /* Protocols */,
				CE4C3A7F2114376600190747 /* Cells */,
				CE4C3A782112F08500190747 /* Models */,
				CE4C3A772112F07400190747 /* ViewControllers */,
				CE4C3A682112EFA100190747 /* Main.storyboard */,
				CE4C3A702112EFBB00190747 /* Info.plist */,
				CE4C3A762112EFD200190747 /* Supporting files */,
			);
			path = "HR-helper";
			sourceTree = "<group>";
		};
		CE4C3A762112EFD200190747 /* Supporting files */ = {
			isa = PBXGroup;
			children = (
				CE4C3A6D2112EFBA00190747 /* LaunchScreen.storyboard */,
				CE4C3A642112EFA100190747 /* AppDelegate.swift */,
				CE4C3A6B2112EFBA00190747 /* Assets.xcassets */,
			);
			path = "Supporting files";
			sourceTree = "<group>";
		};
		CE4C3A772112F07400190747 /* ViewControllers */ = {
			isa = PBXGroup;
			children = (
				CE4C3A662112EFA100190747 /* MainViewController.swift */,
				CE4C3A8A2114572D00190747 /* EmployeeViewController.swift */,
				CE4C3A9021149C2B00190747 /* DetailViewController.swift */,
			);
			path = ViewControllers;
			sourceTree = "<group>";
		};
		CE4C3A782112F08500190747 /* Models */ = {
			isa = PBXGroup;
			children = (
				CE4C3A8021143D7E00190747 /* EmployeeList.swift */,
			);
			path = Models;
			sourceTree = "<group>";
		};
		CE4C3A7F2114376600190747 /* Cells */ = {
			isa = PBXGroup;
			children = (
				CE4C3A7D2114375D00190747 /* SlotTableViewCell.swift */,
			);
			path = Cells;
			sourceTree = "<group>";
		};
		CE4C3A8221143DD200190747 /* Protocols */ = {
			isa = PBXGroup;
			children = (
				CE4C3A8321143F9D00190747 /* DataEmployeeProtocol.swift */,
			);
			path = Protocols;
			sourceTree = "<group>";
		};
		CE4C3A85211454AF00190747 /* Enums */ = {
			isa = PBXGroup;
			children = (
				CE4C3A862114554F00190747 /* CustomFont.swift */,
				CE4C3A8E2114987600190747 /* TypeError.swift */,
			);
			path = Enums;
			sourceTree = "<group>";
		};
/* End PBXGroup section */

/* Begin PBXNativeTarget section */
		CE4C3A602112EFA000190747 /* HR-helper */ = {
			isa = PBXNativeTarget;
			buildConfigurationList = CE4C3A732112EFBB00190747 /* Build configuration list for PBXNativeTarget "HR-helper" */;
			buildPhases = (
				CE4C3A5D2112EFA000190747 /* Sources */,
				CE4C3A5E2112EFA000190747 /* Frameworks */,
				CE4C3A5F2112EFA000190747 /* Resources */,
			);
			buildRules = (
			);
			dependencies = (
			);
			name = "HR-helper";
			productName = "HR-helper";
			productReference = CE4C3A612112EFA000190747 /* HR-helper.app */;
			productType = "com.apple.product-type.application";
		};
/* End PBXNativeTarget section */

/* Begin PBXProject section */
		CE4C3A592112EFA000190747 /* Project object */ = {
			isa = PBXProject;
			attributes = {
				LastSwiftUpdateCheck = 0940;
				LastUpgradeCheck = 0940;
				ORGANIZATIONNAME = "Alina Zaitseva";
				TargetAttributes = {
					CE4C3A602112EFA000190747 = {
						CreatedOnToolsVersion = 9.4;
					};
				};
			};
			buildConfigurationList = CE4C3A5C2112EFA000190747 /* Build configuration list for PBXProject "HR-helper" */;
			compatibilityVersion = "Xcode 9.3";
			developmentRegion = en;
			hasScannedForEncodings = 0;
			knownRegions = (
				en,
				Base,
			);
			mainGroup = CE4C3A582112EFA000190747;
			productRefGroup = CE4C3A622112EFA000190747 /* Products */;
			projectDirPath = "";
			projectRoot = "";
			targets = (
				CE4C3A602112EFA000190747 /* HR-helper */,
			);
		};
/* End PBXProject section */

/* Begin PBXResourcesBuildPhase section */
		CE4C3A5F2112EFA000190747 /* Resources */ = {
			isa = PBXResourcesBuildPhase;
			buildActionMask = 2147483647;
			files = (
				CE4C3A6F2112EFBA00190747 /* LaunchScreen.storyboard in Resources */,
				CE4C3A6C2112EFBA00190747 /* Assets.xcassets in Resources */,
				CE4C3A6A2112EFA100190747 /* Main.storyboard in Resources */,
			);
			runOnlyForDeploymentPostprocessing = 0;
		};
/* End PBXResourcesBuildPhase section */

/* Begin PBXSourcesBuildPhase section */
		CE4C3A5D2112EFA000190747 /* Sources */ = {
			isa = PBXSourcesBuildPhase;
			buildActionMask = 2147483647;
			files = (
				CE4C3A9121149C2B00190747 /* DetailViewController.swift in Sources */,
				CE4C3A672112EFA100190747 /* MainViewController.swift in Sources */,
				CE4C3A8F2114987600190747 /* TypeError.swift in Sources */,
				CE4C3A8121143D7E00190747 /* EmployeeList.swift in Sources */,
				CE4C3A652112EFA100190747 /* AppDelegate.swift in Sources */,
				CE4C3A872114554F00190747 /* CustomFont.swift in Sources */,
				CE4C3A8421143F9D00190747 /* DataEmployeeProtocol.swift in Sources */,
				CE4C3A7E2114375D00190747 /* SlotTableViewCell.swift in Sources */,
				CE4C3A8B2114572D00190747 /* EmployeeViewController.swift in Sources */,
			);
			runOnlyForDeploymentPostprocessing = 0;
		};
/* End PBXSourcesBuildPhase section */

/* Begin PBXVariantGroup section */
		CE4C3A682112EFA100190747 /* Main.storyboard */ = {
			isa = PBXVariantGroup;
			children = (
				CE4C3A692112EFA100190747 /* Base */,
			);
			name = Main.storyboard;
			sourceTree = "<group>";
		};
		CE4C3A6D2112EFBA00190747 /* LaunchScreen.storyboard */ = {
			isa = PBXVariantGroup;
			children = (
				CE4C3A6E2112EFBA00190747 /* Base */,
			);
			name = LaunchScreen.storyboard;
			sourceTree = "<group>";
		};
/* End PBXVariantGroup section */

/* Begin XCBuildConfiguration section */
		CE4C3A712112EFBB00190747 /* Debug */ = {
			isa = XCBuildConfiguration;
			buildSettings = {
				ALWAYS_SEARCH_USER_PATHS = NO;
				CLANG_ANALYZER_NONNULL = YES;
				CLANG_ANALYZER_NUMBER_OBJECT_CONVERSION = YES_AGGRESSIVE;
				CLANG_CXX_LANGUAGE_STANDARD = "gnu++14";
				CLANG_CXX_LIBRARY = "libc++";
				CLANG_ENABLE_MODULES = YES;
				CLANG_ENABLE_OBJC_ARC = YES;
				CLANG_ENABLE_OBJC_WEAK = YES;
				CLANG_WARN_BLOCK_CAPTURE_AUTORELEASING = YES;
				CLANG_WARN_BOOL_CONVERSION = YES;
				CLANG_WARN_COMMA = YES;
				CLANG_WARN_CONSTANT_CONVERSION = YES;
				CLANG_WARN_DEPRECATED_OBJC_IMPLEMENTATIONS = YES;
				CLANG_WARN_DIRECT_OBJC_ISA_USAGE = YES_ERROR;
				CLANG_WARN_DOCUMENTATION_COMMENTS = YES;
				CLANG_WARN_EMPTY_BODY = YES;
				CLANG_WARN_ENUM_CONVERSION = YES;
				CLANG_WARN_INFINITE_RECURSION = YES;
				CLANG_WARN_INT_CONVERSION = YES;
				CLANG_WARN_NON_LITERAL_NULL_CONVERSION = YES;
				CLANG_WARN_OBJC_IMPLICIT_RETAIN_SELF = YES;
				CLANG_WARN_OBJC_LITERAL_CONVERSION = YES;
				CLANG_WARN_OBJC_ROOT_CLASS = YES_ERROR;
				CLANG_WARN_RANGE_LOOP_ANALYSIS = YES;
				CLANG_WARN_STRICT_PROTOTYPES = YES;
				CLANG_WARN_SUSPICIOUS_MOVE = YES;
				CLANG_WARN_UNGUARDED_AVAILABILITY = YES_AGGRESSIVE;
				CLANG_WARN_UNREACHABLE_CODE = YES;
				CLANG_WARN__DUPLICATE_METHOD_MATCH = YES;
				CODE_SIGN_IDENTITY = "iPhone Developer";
				COPY_PHASE_STRIP = NO;
				DEBUG_INFORMATION_FORMAT = dwarf;
				ENABLE_STRICT_OBJC_MSGSEND = YES;
				ENABLE_TESTABILITY = YES;
				GCC_C_LANGUAGE_STANDARD = gnu11;
				GCC_DYNAMIC_NO_PIC = NO;
				GCC_NO_COMMON_BLOCKS = YES;
				GCC_OPTIMIZATION_LEVEL = 0;
				GCC_PREPROCESSOR_DEFINITIONS = (
					"DEBUG=1",
					"$(inherited)",
				);
				GCC_WARN_64_TO_32_BIT_CONVERSION = YES;
				GCC_WARN_ABOUT_RETURN_TYPE = YES_ERROR;
				GCC_WARN_UNDECLARED_SELECTOR = YES;
				GCC_WARN_UNINITIALIZED_AUTOS = YES_AGGRESSIVE;
				GCC_WARN_UNUSED_FUNCTION = YES;
				GCC_WARN_UNUSED_VARIABLE = YES;
				IPHONEOS_DEPLOYMENT_TARGET = 11.4;
				MTL_ENABLE_DEBUG_INFO = YES;
				ONLY_ACTIVE_ARCH = YES;
				SDKROOT = iphoneos;
				SWIFT_ACTIVE_COMPILATION_CONDITIONS = DEBUG;
				SWIFT_OPTIMIZATION_LEVEL = "-Onone";
			};
			name = Debug;
		};
		CE4C3A722112EFBB00190747 /* Release */ = {
			isa = XCBuildConfiguration;
			buildSettings = {
				ALWAYS_SEARCH_USER_PATHS = NO;
				CLANG_ANALYZER_NONNULL = YES;
				CLANG_ANALYZER_NUMBER_OBJECT_CONVERSION = YES_AGGRESSIVE;
				CLANG_CXX_LANGUAGE_STANDARD = "gnu++14";
				CLANG_CXX_LIBRARY = "libc++";
				CLANG_ENABLE_MODULES = YES;
				CLANG_ENABLE_OBJC_ARC = YES;
				CLANG_ENABLE_OBJC_WEAK = YES;
				CLANG_WARN_BLOCK_CAPTURE_AUTORELEASING = YES;
				CLANG_WARN_BOOL_CONVERSION = YES;
				CLANG_WARN_COMMA = YES;
				CLANG_WARN_CONSTANT_CONVERSION = YES;
				CLANG_WARN_DEPRECATED_OBJC_IMPLEMENTATIONS = YES;
				CLANG_WARN_DIRECT_OBJC_ISA_USAGE = YES_ERROR;
				CLANG_WARN_DOCUMENTATION_COMMENTS = YES;
				CLANG_WARN_EMPTY_BODY = YES;
				CLANG_WARN_ENUM_CONVERSION = YES;
				CLANG_WARN_INFINITE_RECURSION = YES;
				CLANG_WARN_INT_CONVERSION = YES;
				CLANG_WARN_NON_LITERAL_NULL_CONVERSION = YES;
				CLANG_WARN_OBJC_IMPLICIT_RETAIN_SELF = YES;
				CLANG_WARN_OBJC_LITERAL_CONVERSION = YES;
				CLANG_WARN_OBJC_ROOT_CLASS = YES_ERROR;
				CLANG_WARN_RANGE_LOOP_ANALYSIS = YES;
				CLANG_WARN_STRICT_PROTOTYPES = YES;
				CLANG_WARN_SUSPICIOUS_MOVE = YES;
				CLANG_WARN_UNGUARDED_AVAILABILITY = YES_AGGRESSIVE;
				CLANG_WARN_UNREACHABLE_CODE = YES;
				CLANG_WARN__DUPLICATE_METHOD_MATCH = YES;
				CODE_SIGN_IDENTITY = "iPhone Developer";
				COPY_PHASE_STRIP = NO;
				DEBUG_INFORMATION_FORMAT = "dwarf-with-dsym";
				ENABLE_NS_ASSERTIONS = NO;
				ENABLE_STRICT_OBJC_MSGSEND = YES;
				GCC_C_LANGUAGE_STANDARD = gnu11;
				GCC_NO_COMMON_BLOCKS = YES;
				GCC_WARN_64_TO_32_BIT_CONVERSION = YES;
				GCC_WARN_ABOUT_RETURN_TYPE = YES_ERROR;
				GCC_WARN_UNDECLARED_SELECTOR = YES;
				GCC_WARN_UNINITIALIZED_AUTOS = YES_AGGRESSIVE;
				GCC_WARN_UNUSED_FUNCTION = YES;
				GCC_WARN_UNUSED_VARIABLE = YES;
				IPHONEOS_DEPLOYMENT_TARGET = 11.4;
				MTL_ENABLE_DEBUG_INFO = NO;
				SDKROOT = iphoneos;
				SWIFT_COMPILATION_MODE = wholemodule;
				SWIFT_OPTIMIZATION_LEVEL = "-O";
				VALIDATE_PRODUCT = YES;
			};
			name = Release;
		};
		CE4C3A742112EFBB00190747 /* Debug */ = {
			isa = XCBuildConfiguration;
			buildSettings = {
				ASSETCATALOG_COMPILER_APPICON_NAME = AppIcon;
				CODE_SIGN_STYLE = Automatic;
				DEVELOPMENT_TEAM = PQ4JD7QCGM;
				INFOPLIST_FILE = "HR-helper/Info.plist";
				LD_RUNPATH_SEARCH_PATHS = (
					"$(inherited)",
					"@executable_path/Frameworks",
				);
				PRODUCT_BUNDLE_IDENTIFIER = "-.HR-helper";
				PRODUCT_NAME = "$(TARGET_NAME)";
				SWIFT_VERSION = 4.0;
				TARGETED_DEVICE_FAMILY = "1,2";
			};
			name = Debug;
		};
		CE4C3A752112EFBB00190747 /* Release */ = {
			isa = XCBuildConfiguration;
			buildSettings = {
				ASSETCATALOG_COMPILER_APPICON_NAME = AppIcon;
				CODE_SIGN_STYLE = Automatic;
				DEVELOPMENT_TEAM = PQ4JD7QCGM;
				INFOPLIST_FILE = "HR-helper/Info.plist";
				LD_RUNPATH_SEARCH_PATHS = (
					"$(inherited)",
					"@executable_path/Frameworks",
				);
				PRODUCT_BUNDLE_IDENTIFIER = "-.HR-helper";
				PRODUCT_NAME = "$(TARGET_NAME)";
				SWIFT_VERSION = 4.0;
				TARGETED_DEVICE_FAMILY = "1,2";
			};
			name = Release;
		};
/* End XCBuildConfiguration section */

/* Begin XCConfigurationList section */
		CE4C3A5C2112EFA000190747 /* Build configuration list for PBXProject "HR-helper" */ = {
			isa = XCConfigurationList;
			buildConfigurations = (
				CE4C3A712112EFBB00190747 /* Debug */,
				CE4C3A722112EFBB00190747 /* Release */,
			);
			defaultConfigurationIsVisible = 0;
			defaultConfigurationName = Release;
		};
		CE4C3A732112EFBB00190747 /* Build configuration list for PBXNativeTarget "HR-helper" */ = {
			isa = XCConfigurationList;
			buildConfigurations = (
				CE4C3A742112EFBB00190747 /* Debug */,
				CE4C3A752112EFBB00190747 /* Release */,
			);
			defaultConfigurationIsVisible = 0;
			defaultConfigurationName = Release;
		};
/* End XCConfigurationList section */
	};
	rootObject = CE4C3A592112EFA000190747 /* Project object */;
}
